// !$*UTF8*$!
{
	archiveVersion = 1;
	classes = {
	};
	objectVersion = 46;
	objects = {

/* Begin PBXBuildFile section */
		F697E5DD190BA32300477901 /* main.cpp in Sources */ = {isa = PBXBuildFile; fileRef = F697E5DC190BA32300477901 /* main.cpp */; };
		F697E5DF190BA32300477901 /* LocalLibrary.cpp in Sources */ = {isa = PBXBuildFile; fileRef = F697E5DE190BA32300477901 /* LocalLibrary.cpp */; };
		F697E5E2190BA32300477901 /* Makefile in Sources */ = {isa = PBXBuildFile; fileRef = F697E5E1190BA32300477901 /* Makefile */; };
/* End PBXBuildFile section */

/* Begin PBXFileReference section */
		F697E5D9190BA32300477901 /* Index */ = {isa = PBXFileReference; explicitFileType = "compiled.mach-o.executable"; includeInIndex = 0; path = Index; sourceTree = BUILT_PRODUCTS_DIR; };
		F697E5DC190BA32300477901 /* main.cpp */ = {isa = PBXFileReference; lastKnownFileType = sourcecode.cpp.cpp; path = main.cpp; sourceTree = "<group>"; };
		F697E5DE190BA32300477901 /* LocalLibrary.cpp */ = {isa = PBXFileReference; lastKnownFileType = sourcecode.cpp.cpp; path = LocalLibrary.cpp; sourceTree = "<group>"; };
		F697E5E0190BA32300477901 /* LocalLibrary.h */ = {isa = PBXFileReference; lastKnownFileType = sourcecode.c.h; path = LocalLibrary.h; sourceTree = "<group>"; };
		F697E5E1190BA32300477901 /* Makefile */ = {isa = PBXFileReference; lastKnownFileType = sourcecode.make; path = Makefile; sourceTree = "<group>"; };
		F697E5E4190BA32300477901 /* Sketchbook.txt */ = {isa = PBXFileReference; lastKnownFileType = text; name = Sketchbook.txt; path = Sketchbook/Sketchbook.txt; sourceTree = "<group>"; };
		F697E5E6190BA32300477901 /* Arduino Due.xcconfig */ = {isa = PBXFileReference; lastKnownFileType = text.xcconfig; name = "Arduino Due.xcconfig"; path = "Configurations/Arduino Due.xcconfig"; sourceTree = "<group>"; };
		F697E5E7190BA32300477901 /* Arduino Duemilanove.xcconfig */ = {isa = PBXFileReference; lastKnownFileType = text.xcconfig; name = "Arduino Duemilanove.xcconfig"; path = "Configurations/Arduino Duemilanove.xcconfig"; sourceTree = "<group>"; };
		F697E5E8190BA32300477901 /* Arduino Leonardo.xcconfig */ = {isa = PBXFileReference; lastKnownFileType = text.xcconfig; name = "Arduino Leonardo.xcconfig"; path = "Configurations/Arduino Leonardo.xcconfig"; sourceTree = "<group>"; };
		F697E5E9190BA32300477901 /* Arduino Mega 2560.xcconfig */ = {isa = PBXFileReference; lastKnownFileType = text.xcconfig; name = "Arduino Mega 2560.xcconfig"; path = "Configurations/Arduino Mega 2560.xcconfig"; sourceTree = "<group>"; };
		F697E5EA190BA32300477901 /* Arduino Mini with ATmega328-3.3V.xcconfig */ = {isa = PBXFileReference; lastKnownFileType = text.xcconfig; name = "Arduino Mini with ATmega328-3.3V.xcconfig"; path = "Configurations/Arduino Mini with ATmega328-3.3V.xcconfig"; sourceTree = "<group>"; };
		F697E5EB190BA32300477901 /* Arduino Mini with ATmega328-5V.xcconfig */ = {isa = PBXFileReference; lastKnownFileType = text.xcconfig; name = "Arduino Mini with ATmega328-5V.xcconfig"; path = "Configurations/Arduino Mini with ATmega328-5V.xcconfig"; sourceTree = "<group>"; };
		F697E5EC190BA32300477901 /* Arduino Robot Control.xcconfig */ = {isa = PBXFileReference; lastKnownFileType = text.xcconfig; name = "Arduino Robot Control.xcconfig"; path = "Configurations/Arduino Robot Control.xcconfig"; sourceTree = "<group>"; };
		F697E5ED190BA32300477901 /* Arduino Robot Motor.xcconfig */ = {isa = PBXFileReference; lastKnownFileType = text.xcconfig; name = "Arduino Robot Motor.xcconfig"; path = "Configurations/Arduino Robot Motor.xcconfig"; sourceTree = "<group>"; };
		F697E5EE190BA32300477901 /* Arduino Uno.xcconfig */ = {isa = PBXFileReference; lastKnownFileType = text.xcconfig; name = "Arduino Uno.xcconfig"; path = "Configurations/Arduino Uno.xcconfig"; sourceTree = "<group>"; };
		F697E5EF190BA32300477901 /* Arduino Yun.xcconfig */ = {isa = PBXFileReference; lastKnownFileType = text.xcconfig; name = "Arduino Yun.xcconfig"; path = "Configurations/Arduino Yun.xcconfig"; sourceTree = "<group>"; };
		F697E5F0190BA32300477901 /* chipKIT Uno32.xcconfig */ = {isa = PBXFileReference; lastKnownFileType = text.xcconfig; name = "chipKIT Uno32.xcconfig"; path = "Configurations/chipKIT Uno32.xcconfig"; sourceTree = "<group>"; };
		F697E5F1190BA32300477901 /* chipKIT Max32.xcconfig */ = {isa = PBXFileReference; lastKnownFileType = text.xcconfig; name = "chipKIT Max32.xcconfig"; path = "Configurations/chipKIT Max32.xcconfig"; sourceTree = "<group>"; };
		F697E5F2190BA32300477901 /* chipKIT uC32.xcconfig */ = {isa = PBXFileReference; lastKnownFileType = text.xcconfig; name = "chipKIT uC32.xcconfig"; path = "Configurations/chipKIT uC32.xcconfig"; sourceTree = "<group>"; };
		F697E5F3190BA32300477901 /* DFRobot BLuno.xcconfig */ = {isa = PBXFileReference; lastKnownFileType = text.xcconfig; name = "DFRobot BLuno.xcconfig"; path = "Configurations/DFRobot BLuno.xcconfig"; sourceTree = "<group>"; };
		F697E5F4190BA32300477901 /* Digispark Tiny Core.xcconfig */ = {isa = PBXFileReference; lastKnownFileType = text.xcconfig; name = "Digispark Tiny Core.xcconfig"; path = "Configurations/Digispark Tiny Core.xcconfig"; sourceTree = "<group>"; };
		F697E5F5190BA32300477901 /* Experimeter Board with MSP430FR5739.xcconfig */ = {isa = PBXFileReference; lastKnownFileType = text.xcconfig; name = "Experimeter Board with MSP430FR5739.xcconfig"; path = "Configurations/Experimeter Board with MSP430FR5739.xcconfig"; sourceTree = "<group>"; };
		F697E5F6190BA32300477901 /* LaunchPad Stellaris with LM4F120.xcconfig */ = {isa = PBXFileReference; lastKnownFileType = text.xcconfig; name = "LaunchPad Stellaris with LM4F120.xcconfig"; path = "Configurations/LaunchPad Stellaris with LM4F120.xcconfig"; sourceTree = "<group>"; };
		F697E5F7190BA32300477901 /* LaunchPad Tiva C with TM4C123.xcconfig */ = {isa = PBXFileReference; lastKnownFileType = text.xcconfig; name = "LaunchPad Tiva C with TM4C123.xcconfig"; path = "Configurations/LaunchPad Tiva C with TM4C123.xcconfig"; sourceTree = "<group>"; };
		F697E5F8190BA32300477901 /* LaunchPad Tiva C with TM4C129.xcconfig */ = {isa = PBXFileReference; lastKnownFileType = text.xcconfig; name = "LaunchPad Tiva C with TM4C129.xcconfig"; path = "Configurations/LaunchPad Tiva C with TM4C129.xcconfig"; sourceTree = "<group>"; };
		F697E5F9190BA32300477901 /* LaunchPad with MSP430G2553.xcconfig */ = {isa = PBXFileReference; lastKnownFileType = text.xcconfig; name = "LaunchPad with MSP430G2553.xcconfig"; path = "Configurations/LaunchPad with MSP430G2553.xcconfig"; sourceTree = "<group>"; };
		F697E5FA190BA32300477901 /* LaunchPad with MSP430G2231.xcconfig */ = {isa = PBXFileReference; lastKnownFileType = text.xcconfig; name = "LaunchPad with MSP430G2231.xcconfig"; path = "Configurations/LaunchPad with MSP430G2231.xcconfig"; sourceTree = "<group>"; };
		F697E5FB190BA32300477901 /* LaunchPad with MSP430G2452.xcconfig */ = {isa = PBXFileReference; lastKnownFileType = text.xcconfig; name = "LaunchPad with MSP430G2452.xcconfig"; path = "Configurations/LaunchPad with MSP430G2452.xcconfig"; sourceTree = "<group>"; };
		F697E5FC190BA32300477901 /* LaunchPad with MSP430F5529.xcconfig */ = {isa = PBXFileReference; lastKnownFileType = text.xcconfig; name = "LaunchPad with MSP430F5529.xcconfig"; path = "Configurations/LaunchPad with MSP430F5529.xcconfig"; sourceTree = "<group>"; };
		F697E5FD190BA32300477901 /* Maple Flash revision 3+.xcconfig */ = {isa = PBXFileReference; lastKnownFileType = text.xcconfig; name = "Maple Flash revision 3+.xcconfig"; path = "Configurations/Maple Flash revision 3+.xcconfig"; sourceTree = "<group>"; };
		F697E5FE190BA32300477901 /* Microduino Core with ATmega328-5V.xcconfig */ = {isa = PBXFileReference; lastKnownFileType = text.xcconfig; name = "Microduino Core with ATmega328-5V.xcconfig"; path = "Configurations/Microduino Core with ATmega328-5V.xcconfig"; sourceTree = "<group>"; };
		F697E5FF190BA32300477901 /* Microduino Core32u4 with ATmega328U4-5V.xcconfig */ = {isa = PBXFileReference; lastKnownFileType = text.xcconfig; name = "Microduino Core32u4 with ATmega328U4-5V.xcconfig"; path = "Configurations/Microduino Core32u4 with ATmega328U4-5V.xcconfig"; sourceTree = "<group>"; };
		F697E600190BA32300477901 /* Microduino Core+ with ATmega644-5V.xcconfig */ = {isa = PBXFileReference; lastKnownFileType = text.xcconfig; name = "Microduino Core+ with ATmega644-5V.xcconfig"; path = "Configurations/Microduino Core+ with ATmega644-5V.xcconfig"; sourceTree = "<group>"; };
		F697E601190BA32300477901 /* Sparkfun Uno.xcconfig */ = {isa = PBXFileReference; lastKnownFileType = text.xcconfig; name = "Sparkfun Uno.xcconfig"; path = "Configurations/Sparkfun Uno.xcconfig"; sourceTree = "<group>"; };
		F697E602190BA32300477901 /* Teensy 2.0.xcconfig */ = {isa = PBXFileReference; lastKnownFileType = text.xcconfig; name = "Teensy 2.0.xcconfig"; path = "Configurations/Teensy 2.0.xcconfig"; sourceTree = "<group>"; };
		F697E603190BA32300477901 /* Teensy 3.0.xcconfig */ = {isa = PBXFileReference; lastKnownFileType = text.xcconfig; name = "Teensy 3.0.xcconfig"; path = "Configurations/Teensy 3.0.xcconfig"; sourceTree = "<group>"; };
		F697E604190BA32300477901 /* Teensy 3.1.xcconfig */ = {isa = PBXFileReference; lastKnownFileType = text.xcconfig; name = "Teensy 3.1.xcconfig"; path = "Configurations/Teensy 3.1.xcconfig"; sourceTree = "<group>"; };
		F697E605190BA32300477901 /* Wiring S.xcconfig */ = {isa = PBXFileReference; lastKnownFileType = text.xcconfig; name = "Wiring S.xcconfig"; path = "Configurations/Wiring S.xcconfig"; sourceTree = "<group>"; };
		F697E607190BA32300477901 /* Arduino.mk */ = {isa = PBXFileReference; lastKnownFileType = text; name = Arduino.mk; path = Makefiles/Arduino.mk; sourceTree = "<group>"; };
		F697E608190BA32300477901 /* Arduino1.mk */ = {isa = PBXFileReference; lastKnownFileType = text; name = Arduino1.mk; path = Makefiles/Arduino1.mk; sourceTree = "<group>"; };
		F697E609190BA32300477901 /* Arduino15avr.mk */ = {isa = PBXFileReference; lastKnownFileType = text; name = Arduino15avr.mk; path = Makefiles/Arduino15avr.mk; sourceTree = "<group>"; };
		F697E60A190BA32300477901 /* Arduino15sam.mk */ = {isa = PBXFileReference; lastKnownFileType = text; name = Arduino15sam.mk; path = Makefiles/Arduino15sam.mk; sourceTree = "<group>"; };
		F697E60B190BA32300477901 /* Arduino23.mk */ = {isa = PBXFileReference; lastKnownFileType = text; name = Arduino23.mk; path = Makefiles/Arduino23.mk; sourceTree = "<group>"; };
		F697E60C190BA32300477901 /* Digispark.mk */ = {isa = PBXFileReference; lastKnownFileType = text; name = Digispark.mk; path = Makefiles/Digispark.mk; sourceTree = "<group>"; };
		F697E60D190BA32300477901 /* Energia430.mk */ = {isa = PBXFileReference; lastKnownFileType = text; name = Energia430.mk; path = Makefiles/Energia430.mk; sourceTree = "<group>"; };
		F697E60E190BA32300477901 /* EnergiaLM4F.mk */ = {isa = PBXFileReference; lastKnownFileType = text; name = EnergiaLM4F.mk; path = Makefiles/EnergiaLM4F.mk; sourceTree = "<group>"; };
		F697E60F190BA32300477901 /* MapleIDE.mk */ = {isa = PBXFileReference; lastKnownFileType = text; name = MapleIDE.mk; path = Makefiles/MapleIDE.mk; sourceTree = "<group>"; };
		F697E610190BA32300477901 /* Microduino.mk */ = {isa = PBXFileReference; lastKnownFileType = text; name = Microduino.mk; path = Makefiles/Microduino.mk; sourceTree = "<group>"; };
		F697E611190BA32300477901 /* Mpide.mk */ = {isa = PBXFileReference; lastKnownFileType = text; name = Mpide.mk; path = Makefiles/Mpide.mk; sourceTree = "<group>"; };
		F697E612190BA32300477901 /* Wiring.mk */ = {isa = PBXFileReference; lastKnownFileType = text; name = Wiring.mk; path = Makefiles/Wiring.mk; sourceTree = "<group>"; };
		F697E613190BA32300477901 /* Step1.mk */ = {isa = PBXFileReference; lastKnownFileType = text; name = Step1.mk; path = Makefiles/Step1.mk; sourceTree = "<group>"; };
		F697E614190BA32300477901 /* Step2.mk */ = {isa = PBXFileReference; lastKnownFileType = text; name = Step2.mk; path = Makefiles/Step2.mk; sourceTree = "<group>"; };
		F697E615190BA32300477901 /* Teensy.mk */ = {isa = PBXFileReference; lastKnownFileType = text; name = Teensy.mk; path = Makefiles/Teensy.mk; sourceTree = "<group>"; };
		F697E616190BA32300477901 /* Teensy2.mk */ = {isa = PBXFileReference; lastKnownFileType = text; name = Teensy2.mk; path = Makefiles/Teensy2.mk; sourceTree = "<group>"; };
		F697E617190BA32300477901 /* Teensy3.mk */ = {isa = PBXFileReference; lastKnownFileType = text; name = Teensy3.mk; path = Makefiles/Teensy3.mk; sourceTree = "<group>"; };
		F697E618190BA32300477901 /* Avrdude.mk */ = {isa = PBXFileReference; lastKnownFileType = text; name = Avrdude.mk; path = Makefiles/Avrdude.mk; sourceTree = "<group>"; };
		F697E619190BA32300477901 /* ReadMe.txt */ = {isa = PBXFileReference; lastKnownFileType = text; path = ReadMe.txt; sourceTree = "<group>"; };
		F697E61B190BA32300477901 /* About.txt */ = {isa = PBXFileReference; lastKnownFileType = text; name = About.txt; path = About/About.txt; sourceTree = "<group>"; };
		F697E61D190BA32300477901 /* reset.py */ = {isa = PBXFileReference; lastKnownFileType = text.script.python; name = reset.py; path = Utilities/reset.py; sourceTree = "<group>"; };
		F697E61E190BA32300477901 /* serial1200.py */ = {isa = PBXFileReference; lastKnownFileType = text.script.python; name = serial1200.py; path = Utilities/serial1200.py; sourceTree = "<group>"; };
		F697E61F190BA32300477901 /* embedXcode_prepare */ = {isa = PBXFileReference; lastKnownFileType = "compiled.mach-o.executable"; name = embedXcode_prepare; path = Utilities/embedXcode_prepare; sourceTree = "<group>"; };
		F697E620190BA32300477901 /* embedXcode_check */ = {isa = PBXFileReference; lastKnownFileType = "compiled.mach-o.executable"; name = embedXcode_check; path = Utilities/embedXcode_check; sourceTree = "<group>"; };
		F697E621190BA32300477901 /* embedXcode_chrono */ = {isa = PBXFileReference; lastKnownFileType = "compiled.mach-o.executable"; name = embedXcode_chrono; path = Utilities/embedXcode_chrono; sourceTree = "<group>"; };
		F697E622190BA32300477901 /* TemplateIcon.icns */ = {isa = PBXFileReference; lastKnownFileType = image.icns; name = TemplateIcon.icns; path = Utilities/TemplateIcon.icns; sourceTree = "<group>"; };
		F697E623190BA32300477901 /* CV2.ino */ = {isa = PBXFileReference; lastKnownFileType = text; path = CV2.ino; sourceTree = "<group>"; };
/* End PBXFileReference section */

/* Begin PBXGroup section */
		F697E5CE190BA32200477901 = {
			isa = PBXGroup;
			children = (
				F697E5DB190BA32300477901 /* CV2 */,
				F697E5DA190BA32300477901 /* Products */,
			);
			sourceTree = "<group>";
		};
		F697E5DA190BA32300477901 /* Products */ = {
			isa = PBXGroup;
			children = (
				F697E5D9190BA32300477901 /* Index */,
			);
			name = Products;
			sourceTree = "<group>";
		};
		F697E5DB190BA32300477901 /* CV2 */ = {
			isa = PBXGroup;
			children = (
				F697E5DC190BA32300477901 /* main.cpp */,
				F697E5DE190BA32300477901 /* LocalLibrary.cpp */,
				F697E5E0190BA32300477901 /* LocalLibrary.h */,
				F697E5E1190BA32300477901 /* Makefile */,
				F697E619190BA32300477901 /* ReadMe.txt */,
				F697E623190BA32300477901 /* CV2.ino */,
				F697E5E3190BA32300477901 /* Sketchbook */,
				F697E5E5190BA32300477901 /* Configurations */,
				F697E606190BA32300477901 /* Makefiles */,
				F697E61A190BA32300477901 /* About */,
				F697E61C190BA32300477901 /* Utilities */,
			);
			path = CV2;
			sourceTree = "<group>";
		};
		F697E5E3190BA32300477901 /* Sketchbook */ = {
			isa = PBXGroup;
			children = (
				F697E5E4190BA32300477901 /* Sketchbook.txt */,
			);
			name = Sketchbook;
			sourceTree = "<group>";
		};
		F697E5E5190BA32300477901 /* Configurations */ = {
			isa = PBXGroup;
			children = (
				F697E5E6190BA32300477901 /* Arduino Due.xcconfig */,
				F697E5E7190BA32300477901 /* Arduino Duemilanove.xcconfig */,
				F697E5E8190BA32300477901 /* Arduino Leonardo.xcconfig */,
				F697E5E9190BA32300477901 /* Arduino Mega 2560.xcconfig */,
				F697E5EA190BA32300477901 /* Arduino Mini with ATmega328-3.3V.xcconfig */,
				F697E5EB190BA32300477901 /* Arduino Mini with ATmega328-5V.xcconfig */,
				F697E5EC190BA32300477901 /* Arduino Robot Control.xcconfig */,
				F697E5ED190BA32300477901 /* Arduino Robot Motor.xcconfig */,
				F697E5EE190BA32300477901 /* Arduino Uno.xcconfig */,
				F697E5EF190BA32300477901 /* Arduino Yun.xcconfig */,
				F697E5F0190BA32300477901 /* chipKIT Uno32.xcconfig */,
				F697E5F1190BA32300477901 /* chipKIT Max32.xcconfig */,
				F697E5F2190BA32300477901 /* chipKIT uC32.xcconfig */,
				F697E5F3190BA32300477901 /* DFRobot BLuno.xcconfig */,
				F697E5F4190BA32300477901 /* Digispark Tiny Core.xcconfig */,
				F697E5F5190BA32300477901 /* Experimeter Board with MSP430FR5739.xcconfig */,
				F697E5F6190BA32300477901 /* LaunchPad Stellaris with LM4F120.xcconfig */,
				F697E5F7190BA32300477901 /* LaunchPad Tiva C with TM4C123.xcconfig */,
				F697E5F8190BA32300477901 /* LaunchPad Tiva C with TM4C129.xcconfig */,
				F697E5F9190BA32300477901 /* LaunchPad with MSP430G2553.xcconfig */,
				F697E5FA190BA32300477901 /* LaunchPad with MSP430G2231.xcconfig */,
				F697E5FB190BA32300477901 /* LaunchPad with MSP430G2452.xcconfig */,
				F697E5FC190BA32300477901 /* LaunchPad with MSP430F5529.xcconfig */,
				F697E5FD190BA32300477901 /* Maple Flash revision 3+.xcconfig */,
				F697E5FE190BA32300477901 /* Microduino Core with ATmega328-5V.xcconfig */,
				F697E5FF190BA32300477901 /* Microduino Core32u4 with ATmega328U4-5V.xcconfig */,
				F697E600190BA32300477901 /* Microduino Core+ with ATmega644-5V.xcconfig */,
				F697E601190BA32300477901 /* Sparkfun Uno.xcconfig */,
				F697E602190BA32300477901 /* Teensy 2.0.xcconfig */,
				F697E603190BA32300477901 /* Teensy 3.0.xcconfig */,
				F697E604190BA32300477901 /* Teensy 3.1.xcconfig */,
				F697E605190BA32300477901 /* Wiring S.xcconfig */,
			);
			name = Configurations;
			sourceTree = "<group>";
		};
		F697E606190BA32300477901 /* Makefiles */ = {
			isa = PBXGroup;
			children = (
				F697E607190BA32300477901 /* Arduino.mk */,
				F697E608190BA32300477901 /* Arduino1.mk */,
				F697E609190BA32300477901 /* Arduino15avr.mk */,
				F697E60A190BA32300477901 /* Arduino15sam.mk */,
				F697E60B190BA32300477901 /* Arduino23.mk */,
				F697E60C190BA32300477901 /* Digispark.mk */,
				F697E60D190BA32300477901 /* Energia430.mk */,
				F697E60E190BA32300477901 /* EnergiaLM4F.mk */,
				F697E60F190BA32300477901 /* MapleIDE.mk */,
				F697E610190BA32300477901 /* Microduino.mk */,
				F697E611190BA32300477901 /* Mpide.mk */,
				F697E612190BA32300477901 /* Wiring.mk */,
				F697E613190BA32300477901 /* Step1.mk */,
				F697E614190BA32300477901 /* Step2.mk */,
				F697E615190BA32300477901 /* Teensy.mk */,
				F697E616190BA32300477901 /* Teensy2.mk */,
				F697E617190BA32300477901 /* Teensy3.mk */,
				F697E618190BA32300477901 /* Avrdude.mk */,
			);
			name = Makefiles;
			sourceTree = "<group>";
		};
		F697E61A190BA32300477901 /* About */ = {
			isa = PBXGroup;
			children = (
				F697E61B190BA32300477901 /* About.txt */,
			);
			name = About;
			sourceTree = "<group>";
		};
		F697E61C190BA32300477901 /* Utilities */ = {
			isa = PBXGroup;
			children = (
				F697E61D190BA32300477901 /* reset.py */,
				F697E61E190BA32300477901 /* serial1200.py */,
				F697E61F190BA32300477901 /* embedXcode_prepare */,
				F697E620190BA32300477901 /* embedXcode_check */,
				F697E621190BA32300477901 /* embedXcode_chrono */,
				F697E622190BA32300477901 /* TemplateIcon.icns */,
			);
			name = Utilities;
			sourceTree = "<group>";
		};
/* End PBXGroup section */

/* Begin PBXLegacyTarget section */
		F697E5D3190BA32300477901 /* All */ = {
			isa = PBXLegacyTarget;
			buildArgumentsString = "all -C \"$(PROJECT)\"";
			buildConfigurationList = F697E626190BA32300477901 /* Build configuration list for PBXLegacyTarget "All" */;
			buildPhases = (
			);
			buildToolPath = make;
			dependencies = (
			);
			name = All;
			passBuildSettingsInEnvironment = 1;
			productName = All;
		};
		F697E5D4190BA32300477901 /* Build */ = {
			isa = PBXLegacyTarget;
			buildArgumentsString = "build -C \"$(PROJECT)\"";
			buildConfigurationList = F697E629190BA32300477901 /* Build configuration list for PBXLegacyTarget "Build" */;
			buildPhases = (
			);
			buildToolPath = make;
			dependencies = (
			);
			name = Build;
			passBuildSettingsInEnvironment = 1;
			productName = Build;
		};
		F697E5D5190BA32300477901 /* Serial */ = {
			isa = PBXLegacyTarget;
			buildArgumentsString = "serial -C \"$(PROJECT)\"";
			buildConfigurationList = F697E62C190BA32300477901 /* Build configuration list for PBXLegacyTarget "Serial" */;
			buildPhases = (
			);
			buildToolPath = make;
			dependencies = (
			);
			name = Serial;
			passBuildSettingsInEnvironment = 1;
			productName = Serial;
		};
		F697E5D6190BA32300477901 /* Upload */ = {
			isa = PBXLegacyTarget;
			buildArgumentsString = "upload -C \"$(PROJECT)\"";
			buildConfigurationList = F697E62F190BA32300477901 /* Build configuration list for PBXLegacyTarget "Upload" */;
			buildPhases = (
			);
			buildToolPath = make;
			dependencies = (
			);
			name = Upload;
			passBuildSettingsInEnvironment = 1;
			productName = Upload;
		};
/* End PBXLegacyTarget section */

/* Begin PBXNativeTarget section */
		F697E5D8190BA32300477901 /* Index */ = {
			isa = PBXNativeTarget;
			buildConfigurationList = F697E632190BA32300477901 /* Build configuration list for PBXNativeTarget "Index" */;
			buildPhases = (
				F697E5D7190BA32300477901 /* Sources */,
			);
			buildRules = (
			);
			dependencies = (
			);
			name = Index;
			productName = Index;
			productReference = F697E5D9190BA32300477901 /* Index */;
			productType = "com.apple.product-type.tool";
		};
/* End PBXNativeTarget section */

/* Begin PBXProject section */
		F697E5CF190BA32300477901 /* Project object */ = {
			isa = PBXProject;
			attributes = {
				LastUpgradeCheck = 0510;
				ORGANIZATIONNAME = "Mark Lamb";
			};
			buildConfigurationList = F697E5D2190BA32300477901 /* Build configuration list for PBXProject "CV2" */;
			compatibilityVersion = "Xcode 3.2";
			developmentRegion = English;
			hasScannedForEncodings = 0;
			knownRegions = (
				en,
			);
			mainGroup = F697E5CE190BA32200477901;
			productRefGroup = F697E5DA190BA32300477901 /* Products */;
			projectDirPath = "";
			projectRoot = "";
			targets = (
				F697E5D3190BA32300477901 /* All */,
				F697E5D4190BA32300477901 /* Build */,
				F697E5D5190BA32300477901 /* Serial */,
				F697E5D6190BA32300477901 /* Upload */,
				F697E5D8190BA32300477901 /* Index */,
			);
		};
/* End PBXProject section */

/* Begin PBXSourcesBuildPhase section */
		F697E5D7190BA32300477901 /* Sources */ = {
			isa = PBXSourcesBuildPhase;
			buildActionMask = 2147483647;
			files = (
				F697E5E2190BA32300477901 /* Makefile in Sources */,
				F697E5DD190BA32300477901 /* main.cpp in Sources */,
				F697E5DF190BA32300477901 /* LocalLibrary.cpp in Sources */,
			);
			runOnlyForDeploymentPostprocessing = 0;
		};
/* End PBXSourcesBuildPhase section */

/* Begin XCBuildConfiguration section */
		F697E624190BA32300477901 /* Debug */ = {
			isa = XCBuildConfiguration;
			baseConfigurationReference = F697E5E6190BA32300477901 /* Arduino Due.xcconfig */;
			buildSettings = {
				ALWAYS_SEARCH_USER_PATHS = NO;
				CLANG_CXX_LANGUAGE_STANDARD = "gnu++0x";
				CLANG_CXX_LIBRARY = "libc++";
				CLANG_ENABLE_MODULES = YES;
				CLANG_ENABLE_OBJC_ARC = YES;
				CLANG_WARN_BOOL_CONVERSION = YES;
				CLANG_WARN_CONSTANT_CONVERSION = YES;
				CLANG_WARN_DIRECT_OBJC_ISA_USAGE = YES_ERROR;
				CLANG_WARN_EMPTY_BODY = YES;
				CLANG_WARN_ENUM_CONVERSION = YES;
				CLANG_WARN_INT_CONVERSION = YES;
				CLANG_WARN_OBJC_ROOT_CLASS = YES_ERROR;
				CLANG_WARN__DUPLICATE_METHOD_MATCH = YES;
				COPY_PHASE_STRIP = NO;
				GCC_C_LANGUAGE_STANDARD = gnu99;
				GCC_DYNAMIC_NO_PIC = NO;
				GCC_OPTIMIZATION_LEVEL = 0;
				GCC_PREPROCESSOR_DEFINITIONS = (
					"DEBUG=1",
					"$(inherited)",
				);
				GCC_SYMBOLS_PRIVATE_EXTERN = NO;
				GCC_WARN_64_TO_32_BIT_CONVERSION = YES;
				GCC_WARN_ABOUT_RETURN_TYPE = YES_ERROR;
				GCC_WARN_UNDECLARED_SELECTOR = YES;
				GCC_WARN_UNINITIALIZED_AUTOS = YES_AGGRESSIVE;
				GCC_WARN_UNUSED_FUNCTION = YES;
				GCC_WARN_UNUSED_VARIABLE = YES;
				HEADER_SEARCH_PATHS = "$(inherited)";
				PATH = "$(PATH):$(PROJECT_DIR)";
				PRODUCT_NAME = "$(TARGET_NAME)";
				SKETCHBOOK_DIR = "";
				SKETCH_EXTENSION = ino;
			};
			name = Debug;
		};
		F697E625190BA32300477901 /* Release */ = {
			isa = XCBuildConfiguration;
			buildSettings = {
				ALWAYS_SEARCH_USER_PATHS = NO;
				CLANG_CXX_LANGUAGE_STANDARD = "gnu++0x";
				CLANG_CXX_LIBRARY = "libc++";
				CLANG_ENABLE_MODULES = YES;
				CLANG_ENABLE_OBJC_ARC = YES;
				CLANG_WARN_BOOL_CONVERSION = YES;
				CLANG_WARN_CONSTANT_CONVERSION = YES;
				CLANG_WARN_DIRECT_OBJC_ISA_USAGE = YES_ERROR;
				CLANG_WARN_EMPTY_BODY = YES;
				CLANG_WARN_ENUM_CONVERSION = YES;
				CLANG_WARN_INT_CONVERSION = YES;
				CLANG_WARN_OBJC_ROOT_CLASS = YES_ERROR;
				CLANG_WARN__DUPLICATE_METHOD_MATCH = YES;
				COPY_PHASE_STRIP = YES;
				ENABLE_NS_ASSERTIONS = NO;
				GCC_C_LANGUAGE_STANDARD = gnu99;
				GCC_WARN_64_TO_32_BIT_CONVERSION = YES;
				GCC_WARN_ABOUT_RETURN_TYPE = YES_ERROR;
				GCC_WARN_UNDECLARED_SELECTOR = YES;
				GCC_WARN_UNINITIALIZED_AUTOS = YES_AGGRESSIVE;
				GCC_WARN_UNUSED_FUNCTION = YES;
				GCC_WARN_UNUSED_VARIABLE = YES;
				HEADER_SEARCH_PATHS = "$(inherited)";
				PATH = "$(PATH):$(PROJECT_DIR)";
				PRODUCT_NAME = "$(TARGET_NAME)";
				SKETCHBOOK_DIR = "";
				SKETCH_EXTENSION = ino;
			};
			name = Release;
		};
		F697E627190BA32300477901 /* Debug */ = {
			isa = XCBuildConfiguration;
			buildSettings = {
				PRODUCT_NAME = "$(TARGET_NAME)";
			};
			name = Debug;
		};
		F697E628190BA32300477901 /* Release */ = {
			isa = XCBuildConfiguration;
			buildSettings = {
				PRODUCT_NAME = "$(TARGET_NAME)";
			};
			name = Release;
		};
		F697E62A190BA32300477901 /* Debug */ = {
			isa = XCBuildConfiguration;
			buildSettings = {
			};
			name = Debug;
		};
		F697E62B190BA32300477901 /* Release */ = {
			isa = XCBuildConfiguration;
			buildSettings = {
			};
			name = Release;
		};
		F697E62D190BA32300477901 /* Debug */ = {
			isa = XCBuildConfiguration;
			buildSettings = {
			};
			name = Debug;
		};
		F697E62E190BA32300477901 /* Release */ = {
			isa = XCBuildConfiguration;
			buildSettings = {
			};
			name = Release;
		};
		F697E630190BA32300477901 /* Debug */ = {
			isa = XCBuildConfiguration;
			buildSettings = {
			};
			name = Debug;
		};
		F697E631190BA32300477901 /* Release */ = {
			isa = XCBuildConfiguration;
			buildSettings = {
			};
			name = Release;
		};
		F697E633190BA32300477901 /* Debug */ = {
			isa = XCBuildConfiguration;
			buildSettings = {
			};
			name = Debug;
		};
		F697E634190BA32300477901 /* Release */ = {
			isa = XCBuildConfiguration;
			buildSettings = {
			};
			name = Release;
		};
/* End XCBuildConfiguration section */

/* Begin XCConfigurationList section */
		F697E5D2190BA32300477901 /* Build configuration list for PBXProject "CV2" */ = {
			isa = XCConfigurationList;
			buildConfigurations = (
				F697E624190BA32300477901 /* Debug */,
				F697E625190BA32300477901 /* Release */,
			);
			defaultConfigurationIsVisible = 0;
			defaultConfigurationName = Release;
		};
		F697E626190BA32300477901 /* Build configuration list for PBXLegacyTarget "All" */ = {
			isa = XCConfigurationList;
			buildConfigurations = (
				F697E627190BA32300477901 /* Debug */,
				F697E628190BA32300477901 /* Release */,
			);
			defaultConfigurationIsVisible = 0;
		};
		F697E629190BA32300477901 /* Build configuration list for PBXLegacyTarget "Build" */ = {
			isa = XCConfigurationList;
			buildConfigurations = (
				F697E62A190BA32300477901 /* Debug */,
				F697E62B190BA32300477901 /* Release */,
			);
			defaultConfigurationIsVisible = 0;
		};
		F697E62C190BA32300477901 /* Build configuration list for PBXLegacyTarget "Serial" */ = {
			isa = XCConfigurationList;
			buildConfigurations = (
				F697E62D190BA32300477901 /* Debug */,
				F697E62E190BA32300477901 /* Release */,
			);
			defaultConfigurationIsVisible = 0;
		};
		F697E62F190BA32300477901 /* Build configuration list for PBXLegacyTarget "Upload" */ = {
			isa = XCConfigurationList;
			buildConfigurations = (
				F697E630190BA32300477901 /* Debug */,
				F697E631190BA32300477901 /* Release */,
			);
			defaultConfigurationIsVisible = 0;
		};
		F697E632190BA32300477901 /* Build configuration list for PBXNativeTarget "Index" */ = {
			isa = XCConfigurationList;
			buildConfigurations = (
				F697E633190BA32300477901 /* Debug */,
				F697E634190BA32300477901 /* Release */,
			);
			defaultConfigurationIsVisible = 0;
		};
/* End XCConfigurationList section */
	};
	rootObject = F697E5CF190BA32300477901 /* Project object */;
}
