// !$*UTF8*$!
{
	archiveVersion = 1;
	classes = {
	};
	objectVersion = 46;
	objects = {

/* Begin PBXBuildFile section */
		F61FCB5019702C81006537F6 /* CPUMeter.cpp in Sources */ = {isa = PBXBuildFile; fileRef = F61FCB4E19702C81006537F6 /* CPUMeter.cpp */; };
		F61FCB531972777F006537F6 /* AWG.cpp in Sources */ = {isa = PBXBuildFile; fileRef = F61FCB511972777F006537F6 /* AWG.cpp */; };
		F6244F131914EA2400FBCC5F /* DisplayTest.cpp in Sources */ = {isa = PBXBuildFile; fileRef = F6244F111914EA2400FBCC5F /* DisplayTest.cpp */; };
		F6244F161914F6F000FBCC5F /* Flasher.cpp in Sources */ = {isa = PBXBuildFile; fileRef = F6244F141914F6F000FBCC5F /* Flasher.cpp */; };
		F6244F1D1916347000FBCC5F /* Expression.cpp in Sources */ = {isa = PBXBuildFile; fileRef = F6244F1B1916347000FBCC5F /* Expression.cpp */; };
		F627E623190BA32300477901 /* CV2.ino in Sources */ = {isa = PBXBuildFile; fileRef = F697E623190BA32300477901 /* CV2.ino */; };
		F627E636190BA3DB00477901 /* Display.h in Sources */ = {isa = PBXBuildFile; fileRef = F697E636190BA3DB00477901 /* Display.h */; };
		F63066531920078A00966B66 /* EEPROM.cpp in Sources */ = {isa = PBXBuildFile; fileRef = F63066511920078A00966B66 /* EEPROM.cpp */; };
		F630EECD19520D790035ADC8 /* TriggeredOnOff.cpp in Sources */ = {isa = PBXBuildFile; fileRef = F630EECB19520D790035ADC8 /* TriggeredOnOff.cpp */; };
		F631555E190ECBF400707EB7 /* LFO.cpp in Sources */ = {isa = PBXBuildFile; fileRef = F631555C190ECBF400707EB7 /* LFO.cpp */; };
		F6474F2A19256ADC0068AE70 /* SwitchTrigger.cpp in Sources */ = {isa = PBXBuildFile; fileRef = F6474F2819256ADC0068AE70 /* SwitchTrigger.cpp */; };
		F6718CC31944FB08001E9B8E /* EnvelopeFollower.cpp in Sources */ = {isa = PBXBuildFile; fileRef = F6718CC11944FB08001E9B8E /* EnvelopeFollower.cpp */; };
		F6748059192165D0009550BD /* Switch.cpp in Sources */ = {isa = PBXBuildFile; fileRef = F6748057192165D0009550BD /* Switch.cpp */; };
		F67BFBE81968569A004CE778 /* DelayedState.cpp in Sources */ = {isa = PBXBuildFile; fileRef = F67BFBE61968569A004CE778 /* DelayedState.cpp */; };
		F67BFBEB1969BD4D004CE778 /* Bus.cpp in Sources */ = {isa = PBXBuildFile; fileRef = F67BFBE91969BD4D004CE778 /* Bus.cpp */; };
		F697E5DD190BA32300477901 /* main.cpp in Sources */ = {isa = PBXBuildFile; fileRef = F697E5DC190BA32300477901 /* main.cpp */; };
		F697E637190BA3DB00477901 /* Display.cpp in Sources */ = {isa = PBXBuildFile; fileRef = F697E635190BA3DB00477901 /* Display.cpp */; };
		F6B0B175190C18B300B443D3 /* DAC.cpp in Sources */ = {isa = PBXBuildFile; fileRef = F6B0B173190C18B300B443D3 /* DAC.cpp */; };
		F6B0B178190C211300B443D3 /* Footswitch.cpp in Sources */ = {isa = PBXBuildFile; fileRef = F6B0B176190C211300B443D3 /* Footswitch.cpp */; };
		F6B0B17B190C255300B443D3 /* Opto.cpp in Sources */ = {isa = PBXBuildFile; fileRef = F6B0B179190C255300B443D3 /* Opto.cpp */; };
		F6B0B17E190C626E00B443D3 /* MIDI.cpp in Sources */ = {isa = PBXBuildFile; fileRef = F6B0B17C190C626E00B443D3 /* MIDI.cpp */; };
		F6B60D6819660A78005A0429 /* OnOffTriggerable.cpp in Sources */ = {isa = PBXBuildFile; fileRef = F6B60D6619660A78005A0429 /* OnOffTriggerable.cpp */; };
		F6B725E9196CA097006E5BBB /* SourceValueProvider.cpp in Sources */ = {isa = PBXBuildFile; fileRef = F6B725E7196CA097006E5BBB /* SourceValueProvider.cpp */; };
		F6C49CD11952ECA700DA3DAD /* OnOffEdgeProvider.cpp in Sources */ = {isa = PBXBuildFile; fileRef = F6C49CCF1952ECA700DA3DAD /* OnOffEdgeProvider.cpp */; };
		F6C49CD419531CE300DA3DAD /* Freeze.cpp in Sources */ = {isa = PBXBuildFile; fileRef = F6C49CD219531CE300DA3DAD /* Freeze.cpp */; };
		F6C49CD71953459700DA3DAD /* EnvelopeState.cpp in Sources */ = {isa = PBXBuildFile; fileRef = F6C49CD51953459700DA3DAD /* EnvelopeState.cpp */; };
		F6C49CDA19546BE900DA3DAD /* Ramp.cpp in Sources */ = {isa = PBXBuildFile; fileRef = F6C49CD819546BE900DA3DAD /* Ramp.cpp */; };
		F6C49CDD1955F1D700DA3DAD /* Noise.cpp in Sources */ = {isa = PBXBuildFile; fileRef = F6C49CDB1955F1D700DA3DAD /* Noise.cpp */; };
		F6C94D90190D779600F83CA6 /* CVOutput.cpp in Sources */ = {isa = PBXBuildFile; fileRef = F6C94D8E190D779600F83CA6 /* CVOutput.cpp */; };
		F6C94D93190DAC0300F83CA6 /* Patch.cpp in Sources */ = {isa = PBXBuildFile; fileRef = F6C94D91190DAC0300F83CA6 /* Patch.cpp */; };
/* End PBXBuildFile section */

/* Begin PBXFileReference section */
		F61DD10A192E58CF00B66B1A /* Errors.h */ = {isa = PBXFileReference; lastKnownFileType = sourcecode.c.h; path = Errors.h; sourceTree = "<group>"; };
		F61FCB4E19702C81006537F6 /* CPUMeter.cpp */ = {isa = PBXFileReference; fileEncoding = 4; lastKnownFileType = sourcecode.cpp.cpp; path = CPUMeter.cpp; sourceTree = "<group>"; };
		F61FCB4F19702C81006537F6 /* CPUMeter.h */ = {isa = PBXFileReference; fileEncoding = 4; lastKnownFileType = sourcecode.c.h; path = CPUMeter.h; sourceTree = "<group>"; };
		F61FCB511972777F006537F6 /* AWG.cpp */ = {isa = PBXFileReference; fileEncoding = 4; lastKnownFileType = sourcecode.cpp.cpp; path = AWG.cpp; sourceTree = "<group>"; };
		F61FCB521972777F006537F6 /* AWG.h */ = {isa = PBXFileReference; fileEncoding = 4; lastKnownFileType = sourcecode.c.h; path = AWG.h; sourceTree = "<group>"; };
		F6244F111914EA2400FBCC5F /* DisplayTest.cpp */ = {isa = PBXFileReference; fileEncoding = 4; lastKnownFileType = sourcecode.cpp.cpp; path = DisplayTest.cpp; sourceTree = "<group>"; };
		F6244F121914EA2400FBCC5F /* DisplayTest.h */ = {isa = PBXFileReference; fileEncoding = 4; lastKnownFileType = sourcecode.c.h; path = DisplayTest.h; sourceTree = "<group>"; };
		F6244F141914F6F000FBCC5F /* Flasher.cpp */ = {isa = PBXFileReference; fileEncoding = 4; lastKnownFileType = sourcecode.cpp.cpp; path = Flasher.cpp; sourceTree = "<group>"; };
		F6244F151914F6F000FBCC5F /* Flasher.h */ = {isa = PBXFileReference; fileEncoding = 4; lastKnownFileType = sourcecode.c.h; path = Flasher.h; sourceTree = "<group>"; };
		F6244F1A1915852100FBCC5F /* MIDIMessages.h */ = {isa = PBXFileReference; lastKnownFileType = sourcecode.c.h; path = MIDIMessages.h; sourceTree = "<group>"; };
		F6244F1B1916347000FBCC5F /* Expression.cpp */ = {isa = PBXFileReference; fileEncoding = 4; lastKnownFileType = sourcecode.cpp.cpp; path = Expression.cpp; sourceTree = "<group>"; };
		F6244F1C1916347000FBCC5F /* Expression.h */ = {isa = PBXFileReference; fileEncoding = 4; lastKnownFileType = sourcecode.c.h; path = Expression.h; sourceTree = "<group>"; };
		F630664D191EDC3B00966B66 /* CV2.h */ = {isa = PBXFileReference; lastKnownFileType = sourcecode.c.h; path = CV2.h; sourceTree = "<group>"; };
		F63066511920078A00966B66 /* EEPROM.cpp */ = {isa = PBXFileReference; fileEncoding = 4; lastKnownFileType = sourcecode.cpp.cpp; path = EEPROM.cpp; sourceTree = "<group>"; };
		F63066521920078A00966B66 /* EEPROM.h */ = {isa = PBXFileReference; fileEncoding = 4; lastKnownFileType = sourcecode.c.h; path = EEPROM.h; sourceTree = "<group>"; };
		F630EECB19520D790035ADC8 /* TriggeredOnOff.cpp */ = {isa = PBXFileReference; fileEncoding = 4; lastKnownFileType = sourcecode.cpp.cpp; path = TriggeredOnOff.cpp; sourceTree = "<group>"; };
		F630EECC19520D790035ADC8 /* TriggeredOnOff.h */ = {isa = PBXFileReference; fileEncoding = 4; lastKnownFileType = sourcecode.c.h; path = TriggeredOnOff.h; sourceTree = "<group>"; };
		F631555B190EC2A300707EB7 /* ValueProvider.h */ = {isa = PBXFileReference; lastKnownFileType = sourcecode.c.h; path = ValueProvider.h; sourceTree = "<group>"; };
		F631555C190ECBF400707EB7 /* LFO.cpp */ = {isa = PBXFileReference; fileEncoding = 4; lastKnownFileType = sourcecode.cpp.cpp; path = LFO.cpp; sourceTree = "<group>"; };
		F631555D190ECBF400707EB7 /* LFO.h */ = {isa = PBXFileReference; fileEncoding = 4; lastKnownFileType = sourcecode.c.h; path = LFO.h; sourceTree = "<group>"; };
		F6474F2719256A840068AE70 /* Trigger.h */ = {isa = PBXFileReference; lastKnownFileType = sourcecode.c.h; path = Trigger.h; sourceTree = "<group>"; };
		F6474F2819256ADC0068AE70 /* SwitchTrigger.cpp */ = {isa = PBXFileReference; fileEncoding = 4; lastKnownFileType = sourcecode.cpp.cpp; path = SwitchTrigger.cpp; sourceTree = "<group>"; };
		F6474F2919256ADC0068AE70 /* SwitchTrigger.h */ = {isa = PBXFileReference; fileEncoding = 4; lastKnownFileType = sourcecode.c.h; path = SwitchTrigger.h; sourceTree = "<group>"; };
		F6718CC11944FB08001E9B8E /* EnvelopeFollower.cpp */ = {isa = PBXFileReference; fileEncoding = 4; lastKnownFileType = sourcecode.cpp.cpp; path = EnvelopeFollower.cpp; sourceTree = "<group>"; };
		F6718CC21944FB08001E9B8E /* EnvelopeFollower.h */ = {isa = PBXFileReference; fileEncoding = 4; lastKnownFileType = sourcecode.c.h; path = EnvelopeFollower.h; sourceTree = "<group>"; };
		F6748057192165D0009550BD /* Switch.cpp */ = {isa = PBXFileReference; fileEncoding = 4; lastKnownFileType = sourcecode.cpp.cpp; path = Switch.cpp; sourceTree = "<group>"; };
		F6748058192165D0009550BD /* Switch.h */ = {isa = PBXFileReference; fileEncoding = 4; lastKnownFileType = sourcecode.c.h; path = Switch.h; sourceTree = "<group>"; };
		F67BFBE61968569A004CE778 /* DelayedState.cpp */ = {isa = PBXFileReference; fileEncoding = 4; lastKnownFileType = sourcecode.cpp.cpp; path = DelayedState.cpp; sourceTree = "<group>"; };
		F67BFBE71968569A004CE778 /* DelayedState.h */ = {isa = PBXFileReference; fileEncoding = 4; lastKnownFileType = sourcecode.c.h; path = DelayedState.h; sourceTree = "<group>"; };
		F67BFBE91969BD4D004CE778 /* Bus.cpp */ = {isa = PBXFileReference; fileEncoding = 4; lastKnownFileType = sourcecode.cpp.cpp; path = Bus.cpp; sourceTree = "<group>"; };
		F67BFBEA1969BD4D004CE778 /* Bus.h */ = {isa = PBXFileReference; fileEncoding = 4; lastKnownFileType = sourcecode.c.h; path = Bus.h; sourceTree = "<group>"; };
		F697E5D9190BA32300477901 /* Index */ = {isa = PBXFileReference; explicitFileType = "compiled.mach-o.executable"; includeInIndex = 0; path = Index; sourceTree = BUILT_PRODUCTS_DIR; };
		F697E5DC190BA32300477901 /* main.cpp */ = {isa = PBXFileReference; lastKnownFileType = sourcecode.cpp.cpp; path = main.cpp; sourceTree = "<group>"; };
		F697E5E1190BA32300477901 /* Makefile */ = {isa = PBXFileReference; explicitFileType = sourcecode.make; path = Makefile; sourceTree = "<group>"; };
		F697E5E4190BA32300477901 /* Sketchbook.txt */ = {isa = PBXFileReference; lastKnownFileType = text; name = Sketchbook.txt; path = Sketchbook/Sketchbook.txt; sourceTree = "<group>"; };
		F697E5E6190BA32300477901 /* Arduino Due.xcconfig */ = {isa = PBXFileReference; lastKnownFileType = text.xcconfig; name = "Arduino Due.xcconfig"; path = "Configurations/Arduino Due.xcconfig"; sourceTree = "<group>"; };
		F697E607190BA32300477901 /* Arduino.mk */ = {isa = PBXFileReference; explicitFileType = sourcecode.make; name = Arduino.mk; path = Makefiles/Arduino.mk; sourceTree = "<group>"; };
		F697E608190BA32300477901 /* Arduino1.mk */ = {isa = PBXFileReference; explicitFileType = sourcecode.make; name = Arduino1.mk; path = Makefiles/Arduino1.mk; sourceTree = "<group>"; };
		F697E60A190BA32300477901 /* Arduino15sam.mk */ = {isa = PBXFileReference; explicitFileType = sourcecode.make; name = Arduino15sam.mk; path = Makefiles/Arduino15sam.mk; sourceTree = "<group>"; };
		F697E612190BA32300477901 /* Wiring.mk */ = {isa = PBXFileReference; explicitFileType = sourcecode.make; name = Wiring.mk; path = Makefiles/Wiring.mk; sourceTree = "<group>"; };
		F697E613190BA32300477901 /* Step1.mk */ = {isa = PBXFileReference; explicitFileType = sourcecode.make; name = Step1.mk; path = Makefiles/Step1.mk; sourceTree = "<group>"; };
		F697E614190BA32300477901 /* Step2.mk */ = {isa = PBXFileReference; explicitFileType = sourcecode.make; name = Step2.mk; path = Makefiles/Step2.mk; sourceTree = "<group>"; };
		F697E618190BA32300477901 /* Avrdude.mk */ = {isa = PBXFileReference; explicitFileType = sourcecode.make; name = Avrdude.mk; path = Makefiles/Avrdude.mk; sourceTree = "<group>"; };
		F697E61B190BA32300477901 /* About.txt */ = {isa = PBXFileReference; lastKnownFileType = text; name = About.txt; path = About/About.txt; sourceTree = "<group>"; };
		F697E61D190BA32300477901 /* reset.py */ = {isa = PBXFileReference; lastKnownFileType = text.script.python; name = reset.py; path = Utilities/reset.py; sourceTree = "<group>"; };
		F697E61E190BA32300477901 /* serial1200.py */ = {isa = PBXFileReference; lastKnownFileType = text.script.python; name = serial1200.py; path = Utilities/serial1200.py; sourceTree = "<group>"; };
		F697E620190BA32300477901 /* embedXcode_check */ = {isa = PBXFileReference; lastKnownFileType = "compiled.mach-o.executable"; name = embedXcode_check; path = Utilities/embedXcode_check; sourceTree = "<group>"; };
		F697E621190BA32300477901 /* embedXcode_chrono */ = {isa = PBXFileReference; lastKnownFileType = "compiled.mach-o.executable"; name = embedXcode_chrono; path = Utilities/embedXcode_chrono; sourceTree = "<group>"; };
		F697E622190BA32300477901 /* TemplateIcon.icns */ = {isa = PBXFileReference; lastKnownFileType = image.icns; name = TemplateIcon.icns; path = Utilities/TemplateIcon.icns; sourceTree = "<group>"; };
		F697E623190BA32300477901 /* CV2.ino */ = {isa = PBXFileReference; explicitFileType = sourcecode.cpp.cpp; path = CV2.ino; sourceTree = "<group>"; };
		F697E635190BA3DB00477901 /* Display.cpp */ = {isa = PBXFileReference; fileEncoding = 4; lastKnownFileType = sourcecode.cpp.cpp; path = Display.cpp; sourceTree = "<group>"; };
		F697E636190BA3DB00477901 /* Display.h */ = {isa = PBXFileReference; fileEncoding = 4; lastKnownFileType = sourcecode.c.h; path = Display.h; sourceTree = "<group>"; };
		F6B0B173190C18B300B443D3 /* DAC.cpp */ = {isa = PBXFileReference; fileEncoding = 4; lastKnownFileType = sourcecode.cpp.cpp; path = DAC.cpp; sourceTree = "<group>"; };
		F6B0B174190C18B300B443D3 /* DAC.h */ = {isa = PBXFileReference; fileEncoding = 4; lastKnownFileType = sourcecode.c.h; path = DAC.h; sourceTree = "<group>"; };
		F6B0B176190C211300B443D3 /* Footswitch.cpp */ = {isa = PBXFileReference; fileEncoding = 4; lastKnownFileType = sourcecode.cpp.cpp; path = Footswitch.cpp; sourceTree = "<group>"; };
		F6B0B177190C211300B443D3 /* Footswitch.h */ = {isa = PBXFileReference; fileEncoding = 4; lastKnownFileType = sourcecode.c.h; path = Footswitch.h; sourceTree = "<group>"; };
		F6B0B179190C255300B443D3 /* Opto.cpp */ = {isa = PBXFileReference; fileEncoding = 4; lastKnownFileType = sourcecode.cpp.cpp; path = Opto.cpp; sourceTree = "<group>"; };
		F6B0B17A190C255300B443D3 /* Opto.h */ = {isa = PBXFileReference; fileEncoding = 4; lastKnownFileType = sourcecode.c.h; path = Opto.h; sourceTree = "<group>"; };
		F6B0B17C190C626E00B443D3 /* MIDI.cpp */ = {isa = PBXFileReference; fileEncoding = 4; lastKnownFileType = sourcecode.cpp.cpp; path = MIDI.cpp; sourceTree = "<group>"; };
		F6B0B17D190C626E00B443D3 /* MIDI.h */ = {isa = PBXFileReference; fileEncoding = 4; lastKnownFileType = sourcecode.c.h; path = MIDI.h; sourceTree = "<group>"; };
		F6B60D6619660A78005A0429 /* OnOffTriggerable.cpp */ = {isa = PBXFileReference; fileEncoding = 4; lastKnownFileType = sourcecode.cpp.cpp; path = OnOffTriggerable.cpp; sourceTree = "<group>"; };
		F6B60D6719660A78005A0429 /* OnOffTriggerable.h */ = {isa = PBXFileReference; fileEncoding = 4; lastKnownFileType = sourcecode.c.h; path = OnOffTriggerable.h; sourceTree = "<group>"; };
		F6B725E7196CA097006E5BBB /* SourceValueProvider.cpp */ = {isa = PBXFileReference; fileEncoding = 4; lastKnownFileType = sourcecode.cpp.cpp; path = SourceValueProvider.cpp; sourceTree = "<group>"; };
		F6B725E8196CA097006E5BBB /* SourceValueProvider.h */ = {isa = PBXFileReference; fileEncoding = 4; lastKnownFileType = sourcecode.c.h; path = SourceValueProvider.h; sourceTree = "<group>"; };
		F6B7BB051917CD7900B6CD71 /* MIDICCListener.h */ = {isa = PBXFileReference; lastKnownFileType = sourcecode.c.h; path = MIDICCListener.h; sourceTree = "<group>"; };
		F6B7BB061917D12E00B6CD71 /* MIDIPCListener.h */ = {isa = PBXFileReference; lastKnownFileType = sourcecode.c.h; path = MIDIPCListener.h; sourceTree = "<group>"; };
		F6C49CCF1952ECA700DA3DAD /* OnOffEdgeProvider.cpp */ = {isa = PBXFileReference; fileEncoding = 4; lastKnownFileType = sourcecode.cpp.cpp; path = OnOffEdgeProvider.cpp; sourceTree = "<group>"; };
		F6C49CD01952ECA700DA3DAD /* OnOffEdgeProvider.h */ = {isa = PBXFileReference; fileEncoding = 4; lastKnownFileType = sourcecode.c.h; path = OnOffEdgeProvider.h; sourceTree = "<group>"; };
		F6C49CD219531CE300DA3DAD /* Freeze.cpp */ = {isa = PBXFileReference; fileEncoding = 4; lastKnownFileType = sourcecode.cpp.cpp; path = Freeze.cpp; sourceTree = "<group>"; };
		F6C49CD319531CE300DA3DAD /* Freeze.h */ = {isa = PBXFileReference; fileEncoding = 4; lastKnownFileType = sourcecode.c.h; path = Freeze.h; sourceTree = "<group>"; };
		F6C49CD51953459700DA3DAD /* EnvelopeState.cpp */ = {isa = PBXFileReference; fileEncoding = 4; lastKnownFileType = sourcecode.cpp.cpp; path = EnvelopeState.cpp; sourceTree = "<group>"; };
		F6C49CD61953459700DA3DAD /* EnvelopeState.h */ = {isa = PBXFileReference; fileEncoding = 4; lastKnownFileType = sourcecode.c.h; path = EnvelopeState.h; sourceTree = "<group>"; };
		F6C49CD819546BE900DA3DAD /* Ramp.cpp */ = {isa = PBXFileReference; fileEncoding = 4; lastKnownFileType = sourcecode.cpp.cpp; path = Ramp.cpp; sourceTree = "<group>"; };
		F6C49CD919546BE900DA3DAD /* Ramp.h */ = {isa = PBXFileReference; fileEncoding = 4; lastKnownFileType = sourcecode.c.h; path = Ramp.h; sourceTree = "<group>"; };
		F6C49CDB1955F1D700DA3DAD /* Noise.cpp */ = {isa = PBXFileReference; fileEncoding = 4; lastKnownFileType = sourcecode.cpp.cpp; path = Noise.cpp; sourceTree = "<group>"; };
		F6C49CDC1955F1D700DA3DAD /* Noise.h */ = {isa = PBXFileReference; fileEncoding = 4; lastKnownFileType = sourcecode.c.h; path = Noise.h; sourceTree = "<group>"; };
		F6C94D8E190D779600F83CA6 /* CVOutput.cpp */ = {isa = PBXFileReference; fileEncoding = 4; lastKnownFileType = sourcecode.cpp.cpp; path = CVOutput.cpp; sourceTree = "<group>"; };
		F6C94D8F190D779600F83CA6 /* CVOutput.h */ = {isa = PBXFileReference; fileEncoding = 4; lastKnownFileType = sourcecode.c.h; path = CVOutput.h; sourceTree = "<group>"; };
		F6C94D91190DAC0300F83CA6 /* Patch.cpp */ = {isa = PBXFileReference; fileEncoding = 4; lastKnownFileType = sourcecode.cpp.cpp; path = Patch.cpp; sourceTree = "<group>"; };
		F6C94D92190DAC0300F83CA6 /* Patch.h */ = {isa = PBXFileReference; fileEncoding = 4; lastKnownFileType = sourcecode.c.h; path = Patch.h; sourceTree = "<group>"; };
		F6DC735E1950D12300552122 /* OnOffStateProvider.h */ = {isa = PBXFileReference; lastKnownFileType = sourcecode.c.h; path = OnOffStateProvider.h; sourceTree = "<group>"; };
		F6F53B691910500E005409AC /* MIDIListener.h */ = {isa = PBXFileReference; lastKnownFileType = sourcecode.c.h; path = MIDIListener.h; sourceTree = "<group>"; };
/* End PBXFileReference section */

/* Begin PBXGroup section */
		F697E5CE190BA32200477901 = {
			isa = PBXGroup;
			children = (
				F697E5DB190BA32300477901 /* CV2 */,
				F697E5DA190BA32300477901 /* Products */,
			);
			sourceTree = "<group>";
		};
		F697E5DA190BA32300477901 /* Products */ = {
			isa = PBXGroup;
			children = (
				F697E5D9190BA32300477901 /* Index */,
			);
			name = Products;
			sourceTree = "<group>";
		};
		F697E5DB190BA32300477901 /* CV2 */ = {
			isa = PBXGroup;
			children = (
				F697E61A190BA32300477901 /* About */,
				F697E5E5190BA32300477901 /* Configurations */,
				F61FCB511972777F006537F6 /* AWG.cpp */,
				F61FCB521972777F006537F6 /* AWG.h */,
				F67BFBE91969BD4D004CE778 /* Bus.cpp */,
				F67BFBEA1969BD4D004CE778 /* Bus.h */,
				F61FCB4E19702C81006537F6 /* CPUMeter.cpp */,
				F61FCB4F19702C81006537F6 /* CPUMeter.h */,
				F630664D191EDC3B00966B66 /* CV2.h */,
				F697E623190BA32300477901 /* CV2.ino */,
				F6C94D8E190D779600F83CA6 /* CVOutput.cpp */,
				F6C94D8F190D779600F83CA6 /* CVOutput.h */,
				F6B0B173190C18B300B443D3 /* DAC.cpp */,
				F6B0B174190C18B300B443D3 /* DAC.h */,
				F67BFBE61968569A004CE778 /* DelayedState.cpp */,
				F67BFBE71968569A004CE778 /* DelayedState.h */,
				F697E635190BA3DB00477901 /* Display.cpp */,
				F697E636190BA3DB00477901 /* Display.h */,
				F6244F111914EA2400FBCC5F /* DisplayTest.cpp */,
				F6244F121914EA2400FBCC5F /* DisplayTest.h */,
				F63066511920078A00966B66 /* EEPROM.cpp */,
				F63066521920078A00966B66 /* EEPROM.h */,
				F6718CC11944FB08001E9B8E /* EnvelopeFollower.cpp */,
				F6718CC21944FB08001E9B8E /* EnvelopeFollower.h */,
				F6C49CD51953459700DA3DAD /* EnvelopeState.cpp */,
				F6C49CD61953459700DA3DAD /* EnvelopeState.h */,
				F61DD10A192E58CF00B66B1A /* Errors.h */,
				F6244F1B1916347000FBCC5F /* Expression.cpp */,
				F6244F1C1916347000FBCC5F /* Expression.h */,
				F6244F141914F6F000FBCC5F /* Flasher.cpp */,
				F6244F151914F6F000FBCC5F /* Flasher.h */,
				F6B0B176190C211300B443D3 /* Footswitch.cpp */,
				F6B0B177190C211300B443D3 /* Footswitch.h */,
				F6C49CD219531CE300DA3DAD /* Freeze.cpp */,
				F6C49CD319531CE300DA3DAD /* Freeze.h */,
				F631555C190ECBF400707EB7 /* LFO.cpp */,
				F631555D190ECBF400707EB7 /* LFO.h */,
				F697E5DC190BA32300477901 /* main.cpp */,
				F697E5E1190BA32300477901 /* Makefile */,
				F697E606190BA32300477901 /* Makefiles */,
				F6B0B17C190C626E00B443D3 /* MIDI.cpp */,
				F6B0B17D190C626E00B443D3 /* MIDI.h */,
				F6F53B691910500E005409AC /* MIDIListener.h */,
				F6B7BB051917CD7900B6CD71 /* MIDICCListener.h */,
				F6B7BB061917D12E00B6CD71 /* MIDIPCListener.h */,
				F6244F1A1915852100FBCC5F /* MIDIMessages.h */,
				F6C49CDB1955F1D700DA3DAD /* Noise.cpp */,
				F6C49CDC1955F1D700DA3DAD /* Noise.h */,
				F6DC735E1950D12300552122 /* OnOffStateProvider.h */,
				F6C49CCF1952ECA700DA3DAD /* OnOffEdgeProvider.cpp */,
				F6C49CD01952ECA700DA3DAD /* OnOffEdgeProvider.h */,
				F6B60D6619660A78005A0429 /* OnOffTriggerable.cpp */,
				F6B60D6719660A78005A0429 /* OnOffTriggerable.h */,
				F6B0B179190C255300B443D3 /* Opto.cpp */,
				F6B0B17A190C255300B443D3 /* Opto.h */,
				F6C94D91190DAC0300F83CA6 /* Patch.cpp */,
				F6C94D92190DAC0300F83CA6 /* Patch.h */,
				F6C49CD819546BE900DA3DAD /* Ramp.cpp */,
				F6C49CD919546BE900DA3DAD /* Ramp.h */,
				F6B725E7196CA097006E5BBB /* SourceValueProvider.cpp */,
				F6B725E8196CA097006E5BBB /* SourceValueProvider.h */,
				F6748057192165D0009550BD /* Switch.cpp */,
				F6748058192165D0009550BD /* Switch.h */,
				F6474F2819256ADC0068AE70 /* SwitchTrigger.cpp */,
				F6474F2919256ADC0068AE70 /* SwitchTrigger.h */,
				F6474F2719256A840068AE70 /* Trigger.h */,
				F630EECB19520D790035ADC8 /* TriggeredOnOff.cpp */,
				F630EECC19520D790035ADC8 /* TriggeredOnOff.h */,
				F631555B190EC2A300707EB7 /* ValueProvider.h */,
				F697E5E3190BA32300477901 /* Sketchbook */,
				F697E61C190BA32300477901 /* Utilities */,
			);
			path = CV2;
			sourceTree = "<group>";
		};
		F697E5E3190BA32300477901 /* Sketchbook */ = {
			isa = PBXGroup;
			children = (
				F697E5E4190BA32300477901 /* Sketchbook.txt */,
			);
			name = Sketchbook;
			sourceTree = "<group>";
		};
		F697E5E5190BA32300477901 /* Configurations */ = {
			isa = PBXGroup;
			children = (
				F697E5E6190BA32300477901 /* Arduino Due.xcconfig */,
			);
			name = Configurations;
			sourceTree = "<group>";
		};
		F697E606190BA32300477901 /* Makefiles */ = {
			isa = PBXGroup;
			children = (
				F697E607190BA32300477901 /* Arduino.mk */,
				F697E608190BA32300477901 /* Arduino1.mk */,
				F697E60A190BA32300477901 /* Arduino15sam.mk */,
				F697E612190BA32300477901 /* Wiring.mk */,
				F697E613190BA32300477901 /* Step1.mk */,
				F697E614190BA32300477901 /* Step2.mk */,
				F697E618190BA32300477901 /* Avrdude.mk */,
			);
			name = Makefiles;
			sourceTree = "<group>";
		};
		F697E61A190BA32300477901 /* About */ = {
			isa = PBXGroup;
			children = (
				F697E61B190BA32300477901 /* About.txt */,
			);
			name = About;
			sourceTree = "<group>";
		};
		F697E61C190BA32300477901 /* Utilities */ = {
			isa = PBXGroup;
			children = (
				F697E61D190BA32300477901 /* reset.py */,
				F697E61E190BA32300477901 /* serial1200.py */,
				F697E620190BA32300477901 /* embedXcode_check */,
				F697E621190BA32300477901 /* embedXcode_chrono */,
				F697E622190BA32300477901 /* TemplateIcon.icns */,
			);
			name = Utilities;
			sourceTree = "<group>";
		};
/* End PBXGroup section */

/* Begin PBXLegacyTarget section */
		F697E5D3190BA32300477901 /* All */ = {
			isa = PBXLegacyTarget;
			buildArgumentsString = all;
			buildConfigurationList = F697E626190BA32300477901 /* Build configuration list for PBXLegacyTarget "All" */;
			buildPhases = (
			);
			buildToolPath = make;
			buildWorkingDirectory = "$(PROJECT)";
			dependencies = (
			);
			name = All;
			passBuildSettingsInEnvironment = 1;
			productName = All;
		};
		F697E5D4190BA32300477901 /* Build */ = {
			isa = PBXLegacyTarget;
			buildArgumentsString = build;
			buildConfigurationList = F697E629190BA32300477901 /* Build configuration list for PBXLegacyTarget "Build" */;
			buildPhases = (
			);
			buildToolPath = make;
			buildWorkingDirectory = "$(PROJECT)";
			dependencies = (
			);
			name = Build;
			passBuildSettingsInEnvironment = 1;
			productName = Build;
		};
		F697E5D5190BA32300477901 /* Serial */ = {
			isa = PBXLegacyTarget;
			buildArgumentsString = serial;
			buildConfigurationList = F697E62C190BA32300477901 /* Build configuration list for PBXLegacyTarget "Serial" */;
			buildPhases = (
			);
			buildToolPath = make;
			buildWorkingDirectory = "$(PROJECT)";
			dependencies = (
			);
			name = Serial;
			passBuildSettingsInEnvironment = 1;
			productName = Serial;
		};
		F697E5D6190BA32300477901 /* Upload */ = {
			isa = PBXLegacyTarget;
			buildArgumentsString = upload;
			buildConfigurationList = F697E62F190BA32300477901 /* Build configuration list for PBXLegacyTarget "Upload" */;
			buildPhases = (
			);
			buildToolPath = make;
			buildWorkingDirectory = "$(PROJECT)";
			dependencies = (
			);
			name = Upload;
			passBuildSettingsInEnvironment = 1;
			productName = Upload;
		};
/* End PBXLegacyTarget section */

/* Begin PBXNativeTarget section */
		F697E5D8190BA32300477901 /* Index */ = {
			isa = PBXNativeTarget;
			buildConfigurationList = F697E632190BA32300477901 /* Build configuration list for PBXNativeTarget "Index" */;
			buildPhases = (
				F697E5D7190BA32300477901 /* Sources */,
			);
			buildRules = (
			);
			dependencies = (
			);
			name = Index;
			productName = Index;
			productReference = F697E5D9190BA32300477901 /* Index */;
			productType = "com.apple.product-type.tool";
		};
/* End PBXNativeTarget section */

/* Begin PBXProject section */
		F697E5CF190BA32300477901 /* Project object */ = {
			isa = PBXProject;
			attributes = {
				LastUpgradeCheck = 0510;
				ORGANIZATIONNAME = "Mark Lamb";
			};
			buildConfigurationList = F697E5D2190BA32300477901 /* Build configuration list for PBXProject "CV2" */;
			compatibilityVersion = "Xcode 3.2";
			developmentRegion = English;
			hasScannedForEncodings = 0;
			knownRegions = (
				en,
			);
			mainGroup = F697E5CE190BA32200477901;
			productRefGroup = F697E5DA190BA32300477901 /* Products */;
			projectDirPath = "";
			projectRoot = "";
			targets = (
				F697E5D3190BA32300477901 /* All */,
				F697E5D4190BA32300477901 /* Build */,
				F697E5D5190BA32300477901 /* Serial */,
				F697E5D6190BA32300477901 /* Upload */,
				F697E5D8190BA32300477901 /* Index */,
			);
		};
/* End PBXProject section */

/* Begin PBXSourcesBuildPhase section */
		F697E5D7190BA32300477901 /* Sources */ = {
			isa = PBXSourcesBuildPhase;
			buildActionMask = 2147483647;
			files = (
				F697E5DD190BA32300477901 /* main.cpp in Sources */,
				F697E637190BA3DB00477901 /* Display.cpp in Sources */,
				F627E636190BA3DB00477901 /* Display.h in Sources */,
				F627E623190BA32300477901 /* CV2.ino in Sources */,
				F6474F2A19256ADC0068AE70 /* SwitchTrigger.cpp in Sources */,
				F6B0B175190C18B300B443D3 /* DAC.cpp in Sources */,
				F61FCB5019702C81006537F6 /* CPUMeter.cpp in Sources */,
				F6B0B17B190C255300B443D3 /* Opto.cpp in Sources */,
				F61FCB531972777F006537F6 /* AWG.cpp in Sources */,
				F6244F131914EA2400FBCC5F /* DisplayTest.cpp in Sources */,
				F6B0B17E190C626E00B443D3 /* MIDI.cpp in Sources */,
				F6B725E9196CA097006E5BBB /* SourceValueProvider.cpp in Sources */,
				F6748059192165D0009550BD /* Switch.cpp in Sources */,
				F6C94D90190D779600F83CA6 /* CVOutput.cpp in Sources */,
				F6244F1D1916347000FBCC5F /* Expression.cpp in Sources */,
				F6C49CDD1955F1D700DA3DAD /* Noise.cpp in Sources */,
				F6C49CD71953459700DA3DAD /* EnvelopeState.cpp in Sources */,
				F67BFBEB1969BD4D004CE778 /* Bus.cpp in Sources */,
				F630EECD19520D790035ADC8 /* TriggeredOnOff.cpp in Sources */,
				F67BFBE81968569A004CE778 /* DelayedState.cpp in Sources */,
				F6C49CD419531CE300DA3DAD /* Freeze.cpp in Sources */,
				F6C49CDA19546BE900DA3DAD /* Ramp.cpp in Sources */,
				F6B0B178190C211300B443D3 /* Footswitch.cpp in Sources */,
				F6C94D93190DAC0300F83CA6 /* Patch.cpp in Sources */,
				F6B60D6819660A78005A0429 /* OnOffTriggerable.cpp in Sources */,
				F63066531920078A00966B66 /* EEPROM.cpp in Sources */,
				F6C49CD11952ECA700DA3DAD /* OnOffEdgeProvider.cpp in Sources */,
				F631555E190ECBF400707EB7 /* LFO.cpp in Sources */,
				F6718CC31944FB08001E9B8E /* EnvelopeFollower.cpp in Sources */,
				F6244F161914F6F000FBCC5F /* Flasher.cpp in Sources */,
			);
			runOnlyForDeploymentPostprocessing = 0;
		};
/* End PBXSourcesBuildPhase section */

/* Begin XCBuildConfiguration section */
		F697E624190BA32300477901 /* Debug */ = {
			isa = XCBuildConfiguration;
			baseConfigurationReference = F697E5E6190BA32300477901 /* Arduino Due.xcconfig */;
			buildSettings = {
				ALWAYS_SEARCH_USER_PATHS = YES;
				CLANG_CXX_LANGUAGE_STANDARD = "gnu++0x";
				CLANG_CXX_LIBRARY = "libc++";
				CLANG_ENABLE_MODULES = YES;
				CLANG_ENABLE_OBJC_ARC = YES;
				CLANG_WARN_BOOL_CONVERSION = YES;
				CLANG_WARN_CONSTANT_CONVERSION = YES;
				CLANG_WARN_DIRECT_OBJC_ISA_USAGE = YES_ERROR;
				CLANG_WARN_EMPTY_BODY = YES;
				CLANG_WARN_ENUM_CONVERSION = YES;
				CLANG_WARN_INT_CONVERSION = YES;
				CLANG_WARN_OBJC_ROOT_CLASS = YES_ERROR;
				CLANG_WARN__DUPLICATE_METHOD_MATCH = YES;
				COPY_PHASE_STRIP = NO;
				GCC_C_LANGUAGE_STANDARD = gnu99;
				GCC_DYNAMIC_NO_PIC = NO;
				GCC_OPTIMIZATION_LEVEL = 0;
				GCC_PREPROCESSOR_DEFINITIONS = (
					"DEBUG=1",
					"$(inherited)",
				);
				GCC_SYMBOLS_PRIVATE_EXTERN = NO;
				GCC_WARN_64_TO_32_BIT_CONVERSION = YES;
				GCC_WARN_ABOUT_RETURN_TYPE = YES_ERROR;
				GCC_WARN_UNDECLARED_SELECTOR = YES;
				GCC_WARN_UNINITIALIZED_AUTOS = YES_AGGRESSIVE;
				GCC_WARN_UNUSED_FUNCTION = YES;
				GCC_WARN_UNUSED_VARIABLE = YES;
				HEADER_SEARCH_PATHS = "$(inherited)";
				PATH = "$(PATH):$(PROJECT_DIR)";
				PRODUCT_NAME = "$(TARGET_NAME)";
				SKETCHBOOK_DIR = "";
				SKETCH_EXTENSION = ino;
			};
			name = Debug;
		};
		F697E625190BA32300477901 /* Release */ = {
			isa = XCBuildConfiguration;
			buildSettings = {
				ALWAYS_SEARCH_USER_PATHS = YES;
				CLANG_CXX_LANGUAGE_STANDARD = "gnu++0x";
				CLANG_CXX_LIBRARY = "libc++";
				CLANG_ENABLE_MODULES = YES;
				CLANG_ENABLE_OBJC_ARC = YES;
				CLANG_WARN_BOOL_CONVERSION = YES;
				CLANG_WARN_CONSTANT_CONVERSION = YES;
				CLANG_WARN_DIRECT_OBJC_ISA_USAGE = YES_ERROR;
				CLANG_WARN_EMPTY_BODY = YES;
				CLANG_WARN_ENUM_CONVERSION = YES;
				CLANG_WARN_INT_CONVERSION = YES;
				CLANG_WARN_OBJC_ROOT_CLASS = YES_ERROR;
				CLANG_WARN__DUPLICATE_METHOD_MATCH = YES;
				COPY_PHASE_STRIP = YES;
				ENABLE_NS_ASSERTIONS = NO;
				GCC_C_LANGUAGE_STANDARD = gnu99;
				GCC_WARN_64_TO_32_BIT_CONVERSION = YES;
				GCC_WARN_ABOUT_RETURN_TYPE = YES_ERROR;
				GCC_WARN_UNDECLARED_SELECTOR = YES;
				GCC_WARN_UNINITIALIZED_AUTOS = YES_AGGRESSIVE;
				GCC_WARN_UNUSED_FUNCTION = YES;
				GCC_WARN_UNUSED_VARIABLE = YES;
				HEADER_SEARCH_PATHS = "$(inherited)";
				PATH = "$(PATH):$(PROJECT_DIR)";
				PRODUCT_NAME = "$(TARGET_NAME)";
				SKETCHBOOK_DIR = "";
				SKETCH_EXTENSION = ino;
			};
			name = Release;
		};
		F697E627190BA32300477901 /* Debug */ = {
			isa = XCBuildConfiguration;
			buildSettings = {
				PRODUCT_NAME = "$(TARGET_NAME)";
			};
			name = Debug;
		};
		F697E628190BA32300477901 /* Release */ = {
			isa = XCBuildConfiguration;
			buildSettings = {
				PRODUCT_NAME = "$(TARGET_NAME)";
			};
			name = Release;
		};
		F697E62A190BA32300477901 /* Debug */ = {
			isa = XCBuildConfiguration;
			buildSettings = {
			};
			name = Debug;
		};
		F697E62B190BA32300477901 /* Release */ = {
			isa = XCBuildConfiguration;
			buildSettings = {
			};
			name = Release;
		};
		F697E62D190BA32300477901 /* Debug */ = {
			isa = XCBuildConfiguration;
			buildSettings = {
			};
			name = Debug;
		};
		F697E62E190BA32300477901 /* Release */ = {
			isa = XCBuildConfiguration;
			buildSettings = {
			};
			name = Release;
		};
		F697E630190BA32300477901 /* Debug */ = {
			isa = XCBuildConfiguration;
			buildSettings = {
			};
			name = Debug;
		};
		F697E631190BA32300477901 /* Release */ = {
			isa = XCBuildConfiguration;
			buildSettings = {
			};
			name = Release;
		};
		F697E633190BA32300477901 /* Debug */ = {
			isa = XCBuildConfiguration;
			buildSettings = {
			};
			name = Debug;
		};
		F697E634190BA32300477901 /* Release */ = {
			isa = XCBuildConfiguration;
			buildSettings = {
			};
			name = Release;
		};
/* End XCBuildConfiguration section */

/* Begin XCConfigurationList section */
		F697E5D2190BA32300477901 /* Build configuration list for PBXProject "CV2" */ = {
			isa = XCConfigurationList;
			buildConfigurations = (
				F697E624190BA32300477901 /* Debug */,
				F697E625190BA32300477901 /* Release */,
			);
			defaultConfigurationIsVisible = 0;
			defaultConfigurationName = Release;
		};
		F697E626190BA32300477901 /* Build configuration list for PBXLegacyTarget "All" */ = {
			isa = XCConfigurationList;
			buildConfigurations = (
				F697E627190BA32300477901 /* Debug */,
				F697E628190BA32300477901 /* Release */,
			);
			defaultConfigurationIsVisible = 0;
			defaultConfigurationName = Release;
		};
		F697E629190BA32300477901 /* Build configuration list for PBXLegacyTarget "Build" */ = {
			isa = XCConfigurationList;
			buildConfigurations = (
				F697E62A190BA32300477901 /* Debug */,
				F697E62B190BA32300477901 /* Release */,
			);
			defaultConfigurationIsVisible = 0;
			defaultConfigurationName = Release;
		};
		F697E62C190BA32300477901 /* Build configuration list for PBXLegacyTarget "Serial" */ = {
			isa = XCConfigurationList;
			buildConfigurations = (
				F697E62D190BA32300477901 /* Debug */,
				F697E62E190BA32300477901 /* Release */,
			);
			defaultConfigurationIsVisible = 0;
			defaultConfigurationName = Release;
		};
		F697E62F190BA32300477901 /* Build configuration list for PBXLegacyTarget "Upload" */ = {
			isa = XCConfigurationList;
			buildConfigurations = (
				F697E630190BA32300477901 /* Debug */,
				F697E631190BA32300477901 /* Release */,
			);
			defaultConfigurationIsVisible = 0;
			defaultConfigurationName = Release;
		};
		F697E632190BA32300477901 /* Build configuration list for PBXNativeTarget "Index" */ = {
			isa = XCConfigurationList;
			buildConfigurations = (
				F697E633190BA32300477901 /* Debug */,
				F697E634190BA32300477901 /* Release */,
			);
			defaultConfigurationIsVisible = 0;
			defaultConfigurationName = Release;
		};
/* End XCConfigurationList section */
	};
	rootObject = F697E5CF190BA32300477901 /* Project object */;
}
